// !$*UTF8*$!
{
	archiveVersion = 1;
	classes = {
	};
	objectVersion = 50;
	objects = {

/* Begin PBXBuildFile section */
		82B6C7A825005AF700B19158 /* AppDelegate.swift in Sources */ = {isa = PBXBuildFile; fileRef = 82B6C7A725005AF700B19158 /* AppDelegate.swift */; };
		82B6C7AA25005AF700B19158 /* SceneDelegate.swift in Sources */ = {isa = PBXBuildFile; fileRef = 82B6C7A925005AF700B19158 /* SceneDelegate.swift */; };
		82B6C7AC25005AF700B19158 /* ContentView.swift in Sources */ = {isa = PBXBuildFile; fileRef = 82B6C7AB25005AF700B19158 /* ContentView.swift */; };
		82B6C7AE25005AF800B19158 /* Assets.xcassets in Resources */ = {isa = PBXBuildFile; fileRef = 82B6C7AD25005AF800B19158 /* Assets.xcassets */; };
		82B6C7B125005AF800B19158 /* Preview Assets.xcassets in Resources */ = {isa = PBXBuildFile; fileRef = 82B6C7B025005AF800B19158 /* Preview Assets.xcassets */; };
		82B6C7B425005AF800B19158 /* LaunchScreen.storyboard in Resources */ = {isa = PBXBuildFile; fileRef = 82B6C7B225005AF800B19158 /* LaunchScreen.storyboard */; };
		82B6C7BF25005AF800B19158 /* Lab1AppTests.swift in Sources */ = {isa = PBXBuildFile; fileRef = 82B6C7BE25005AF800B19158 /* Lab1AppTests.swift */; };
		82B6C7CA25005AF800B19158 /* Lab1AppUITests.swift in Sources */ = {isa = PBXBuildFile; fileRef = 82B6C7C925005AF800B19158 /* Lab1AppUITests.swift */; };
/* End PBXBuildFile section */

/* Begin PBXContainerItemProxy section */
		82B6C7BB25005AF800B19158 /* PBXContainerItemProxy */ = {
			isa = PBXContainerItemProxy;
			containerPortal = 82B6C79C25005AF700B19158 /* Project object */;
			proxyType = 1;
			remoteGlobalIDString = 82B6C7A325005AF700B19158;
			remoteInfo = Lab1App;
		};
		82B6C7C625005AF800B19158 /* PBXContainerItemProxy */ = {
			isa = PBXContainerItemProxy;
			containerPortal = 82B6C79C25005AF700B19158 /* Project object */;
			proxyType = 1;
			remoteGlobalIDString = 82B6C7A325005AF700B19158;
			remoteInfo = Lab1App;
		};
/* End PBXContainerItemProxy section */

/* Begin PBXFileReference section */
		82B6C7A425005AF700B19158 /* Lab1App.app */ = {isa = PBXFileReference; explicitFileType = wrapper.application; includeInIndex = 0; path = Lab1App.app; sourceTree = BUILT_PRODUCTS_DIR; };
		82B6C7A725005AF700B19158 /* AppDelegate.swift */ = {isa = PBXFileReference; lastKnownFileType = sourcecode.swift; path = AppDelegate.swift; sourceTree = "<group>"; };
		82B6C7A925005AF700B19158 /* SceneDelegate.swift */ = {isa = PBXFileReference; lastKnownFileType = sourcecode.swift; path = SceneDelegate.swift; sourceTree = "<group>"; };
		82B6C7AB25005AF700B19158 /* ContentView.swift */ = {isa = PBXFileReference; lastKnownFileType = sourcecode.swift; path = ContentView.swift; sourceTree = "<group>"; };
		82B6C7AD25005AF800B19158 /* Assets.xcassets */ = {isa = PBXFileReference; lastKnownFileType = folder.assetcatalog; path = Assets.xcassets; sourceTree = "<group>"; };
		82B6C7B025005AF800B19158 /* Preview Assets.xcassets */ = {isa = PBXFileReference; lastKnownFileType = folder.assetcatalog; path = "Preview Assets.xcassets"; sourceTree = "<group>"; };
		82B6C7B325005AF800B19158 /* Base */ = {isa = PBXFileReference; lastKnownFileType = file.storyboard; name = Base; path = Base.lproj/LaunchScreen.storyboard; sourceTree = "<group>"; };
		82B6C7B525005AF800B19158 /* Info.plist */ = {isa = PBXFileReference; lastKnownFileType = text.plist.xml; path = Info.plist; sourceTree = "<group>"; };
		82B6C7BA25005AF800B19158 /* Lab1AppTests.xctest */ = {isa = PBXFileReference; explicitFileType = wrapper.cfbundle; includeInIndex = 0; path = Lab1AppTests.xctest; sourceTree = BUILT_PRODUCTS_DIR; };
		82B6C7BE25005AF800B19158 /* Lab1AppTests.swift */ = {isa = PBXFileReference; lastKnownFileType = sourcecode.swift; path = Lab1AppTests.swift; sourceTree = "<group>"; };
		82B6C7C025005AF800B19158 /* Info.plist */ = {isa = PBXFileReference; lastKnownFileType = text.plist.xml; path = Info.plist; sourceTree = "<group>"; };
		82B6C7C525005AF800B19158 /* Lab1AppUITests.xctest */ = {isa = PBXFileReference; explicitFileType = wrapper.cfbundle; includeInIndex = 0; path = Lab1AppUITests.xctest; sourceTree = BUILT_PRODUCTS_DIR; };
		82B6C7C925005AF800B19158 /* Lab1AppUITests.swift */ = {isa = PBXFileReference; lastKnownFileType = sourcecode.swift; path = Lab1AppUITests.swift; sourceTree = "<group>"; };
		82B6C7CB25005AF800B19158 /* Info.plist */ = {isa = PBXFileReference; lastKnownFileType = text.plist.xml; path = Info.plist; sourceTree = "<group>"; };
/* End PBXFileReference section */

/* Begin PBXFrameworksBuildPhase section */
		82B6C7A125005AF700B19158 /* Frameworks */ = {
			isa = PBXFrameworksBuildPhase;
			buildActionMask = 2147483647;
			files = (
			);
			runOnlyForDeploymentPostprocessing = 0;
		};
		82B6C7B725005AF800B19158 /* Frameworks */ = {
			isa = PBXFrameworksBuildPhase;
			buildActionMask = 2147483647;
			files = (
			);
			runOnlyForDeploymentPostprocessing = 0;
		};
		82B6C7C225005AF800B19158 /* Frameworks */ = {
			isa = PBXFrameworksBuildPhase;
			buildActionMask = 2147483647;
			files = (
			);
			runOnlyForDeploymentPostprocessing = 0;
		};
/* End PBXFrameworksBuildPhase section */

/* Begin PBXGroup section */
		82B6C79B25005AF700B19158 = {
			isa = PBXGroup;
			children = (
				82B6C7A625005AF700B19158 /* Lab1App */,
				82B6C7BD25005AF800B19158 /* Lab1AppTests */,
				82B6C7C825005AF800B19158 /* Lab1AppUITests */,
				82B6C7A525005AF700B19158 /* Products */,
			);
			sourceTree = "<group>";
		};
		82B6C7A525005AF700B19158 /* Products */ = {
			isa = PBXGroup;
			children = (
				82B6C7A425005AF700B19158 /* Lab1App.app */,
				82B6C7BA25005AF800B19158 /* Lab1AppTests.xctest */,
				82B6C7C525005AF800B19158 /* Lab1AppUITests.xctest */,
			);
			name = Products;
			sourceTree = "<group>";
		};
		82B6C7A625005AF700B19158 /* Lab1App */ = {
			isa = PBXGroup;
			children = (
				82B6C7A725005AF700B19158 /* AppDelegate.swift */,
				82B6C7A925005AF700B19158 /* SceneDelegate.swift */,
				82B6C7AB25005AF700B19158 /* ContentView.swift */,
				82B6C7AD25005AF800B19158 /* Assets.xcassets */,
				82B6C7B225005AF800B19158 /* LaunchScreen.storyboard */,
				82B6C7B525005AF800B19158 /* Info.plist */,
				82B6C7AF25005AF800B19158 /* Preview Content */,
			);
			path = Lab1App;
			sourceTree = "<group>";
		};
		82B6C7AF25005AF800B19158 /* Preview Content */ = {
			isa = PBXGroup;
			children = (
				82B6C7B025005AF800B19158 /* Preview Assets.xcassets */,
			);
			path = "Preview Content";
			sourceTree = "<group>";
		};
		82B6C7BD25005AF800B19158 /* Lab1AppTests */ = {
			isa = PBXGroup;
			children = (
				82B6C7BE25005AF800B19158 /* Lab1AppTests.swift */,
				82B6C7C025005AF800B19158 /* Info.plist */,
			);
			path = Lab1AppTests;
			sourceTree = "<group>";
		};
		82B6C7C825005AF800B19158 /* Lab1AppUITests */ = {
			isa = PBXGroup;
			children = (
				82B6C7C925005AF800B19158 /* Lab1AppUITests.swift */,
				82B6C7CB25005AF800B19158 /* Info.plist */,
			);
			path = Lab1AppUITests;
			sourceTree = "<group>";
		};
/* End PBXGroup section */

/* Begin PBXNativeTarget section */
		82B6C7A325005AF700B19158 /* Lab1App */ = {
			isa = PBXNativeTarget;
			buildConfigurationList = 82B6C7CE25005AF800B19158 /* Build configuration list for PBXNativeTarget "Lab1App" */;
			buildPhases = (
				82B6C7A025005AF700B19158 /* Sources */,
				82B6C7A125005AF700B19158 /* Frameworks */,
				82B6C7A225005AF700B19158 /* Resources */,
			);
			buildRules = (
			);
			dependencies = (
			);
			name = Lab1App;
			productName = Lab1App;
			productReference = 82B6C7A425005AF700B19158 /* Lab1App.app */;
			productType = "com.apple.product-type.application";
		};
		82B6C7B925005AF800B19158 /* Lab1AppTests */ = {
			isa = PBXNativeTarget;
			buildConfigurationList = 82B6C7D125005AF800B19158 /* Build configuration list for PBXNativeTarget "Lab1AppTests" */;
			buildPhases = (
				82B6C7B625005AF800B19158 /* Sources */,
				82B6C7B725005AF800B19158 /* Frameworks */,
				82B6C7B825005AF800B19158 /* Resources */,
			);
			buildRules = (
			);
			dependencies = (
				82B6C7BC25005AF800B19158 /* PBXTargetDependency */,
			);
			name = Lab1AppTests;
			productName = Lab1AppTests;
			productReference = 82B6C7BA25005AF800B19158 /* Lab1AppTests.xctest */;
			productType = "com.apple.product-type.bundle.unit-test";
		};
		82B6C7C425005AF800B19158 /* Lab1AppUITests */ = {
			isa = PBXNativeTarget;
			buildConfigurationList = 82B6C7D425005AF800B19158 /* Build configuration list for PBXNativeTarget "Lab1AppUITests" */;
			buildPhases = (
				82B6C7C125005AF800B19158 /* Sources */,
				82B6C7C225005AF800B19158 /* Frameworks */,
				82B6C7C325005AF800B19158 /* Resources */,
			);
			buildRules = (
			);
			dependencies = (
				82B6C7C725005AF800B19158 /* PBXTargetDependency */,
			);
			name = Lab1AppUITests;
			productName = Lab1AppUITests;
			productReference = 82B6C7C525005AF800B19158 /* Lab1AppUITests.xctest */;
			productType = "com.apple.product-type.bundle.ui-testing";
		};
/* End PBXNativeTarget section */

/* Begin PBXProject section */
		82B6C79C25005AF700B19158 /* Project object */ = {
			isa = PBXProject;
			attributes = {
				LastSwiftUpdateCheck = 1160;
				LastUpgradeCheck = 1160;
				ORGANIZATIONNAME = "Alvaro Alva";
				TargetAttributes = {
					82B6C7A325005AF700B19158 = {
						CreatedOnToolsVersion = 11.6;
					};
					82B6C7B925005AF800B19158 = {
						CreatedOnToolsVersion = 11.6;
						TestTargetID = 82B6C7A325005AF700B19158;
					};
					82B6C7C425005AF800B19158 = {
						CreatedOnToolsVersion = 11.6;
						TestTargetID = 82B6C7A325005AF700B19158;
					};
				};
			};
			buildConfigurationList = 82B6C79F25005AF700B19158 /* Build configuration list for PBXProject "Lab1App" */;
			compatibilityVersion = "Xcode 9.3";
			developmentRegion = en;
			hasScannedForEncodings = 0;
			knownRegions = (
				en,
				Base,
			);
			mainGroup = 82B6C79B25005AF700B19158;
			productRefGroup = 82B6C7A525005AF700B19158 /* Products */;
			projectDirPath = "";
			projectRoot = "";
			targets = (
				82B6C7A325005AF700B19158 /* Lab1App */,
				82B6C7B925005AF800B19158 /* Lab1AppTests */,
				82B6C7C425005AF800B19158 /* Lab1AppUITests */,
			);
		};
/* End PBXProject section */

/* Begin PBXResourcesBuildPhase section */
		82B6C7A225005AF700B19158 /* Resources */ = {
			isa = PBXResourcesBuildPhase;
			buildActionMask = 2147483647;
			files = (
				82B6C7B425005AF800B19158 /* LaunchScreen.storyboard in Resources */,
				82B6C7B125005AF800B19158 /* Preview Assets.xcassets in Resources */,
				82B6C7AE25005AF800B19158 /* Assets.xcassets in Resources */,
			);
			runOnlyForDeploymentPostprocessing = 0;
		};
		82B6C7B825005AF800B19158 /* Resources */ = {
			isa = PBXResourcesBuildPhase;
			buildActionMask = 2147483647;
			files = (
			);
			runOnlyForDeploymentPostprocessing = 0;
		};
		82B6C7C325005AF800B19158 /* Resources */ = {
			isa = PBXResourcesBuildPhase;
			buildActionMask = 2147483647;
			files = (
			);
			runOnlyForDeploymentPostprocessing = 0;
		};
/* End PBXResourcesBuildPhase section */

/* Begin PBXSourcesBuildPhase section */
		82B6C7A025005AF700B19158 /* Sources */ = {
			isa = PBXSourcesBuildPhase;
			buildActionMask = 2147483647;
			files = (
				82B6C7A825005AF700B19158 /* AppDelegate.swift in Sources */,
				82B6C7AA25005AF700B19158 /* SceneDelegate.swift in Sources */,
				82B6C7AC25005AF700B19158 /* ContentView.swift in Sources */,
			);
			runOnlyForDeploymentPostprocessing = 0;
		};
		82B6C7B625005AF800B19158 /* Sources */ = {
			isa = PBXSourcesBuildPhase;
			buildActionMask = 2147483647;
			files = (
				82B6C7BF25005AF800B19158 /* Lab1AppTests.swift in Sources */,
			);
			runOnlyForDeploymentPostprocessing = 0;
		};
		82B6C7C125005AF800B19158 /* Sources */ = {
			isa = PBXSourcesBuildPhase;
			buildActionMask = 2147483647;
			files = (
				82B6C7CA25005AF800B19158 /* Lab1AppUITests.swift in Sources */,
			);
			runOnlyForDeploymentPostprocessing = 0;
		};
/* End PBXSourcesBuildPhase section */

/* Begin PBXTargetDependency section */
		82B6C7BC25005AF800B19158 /* PBXTargetDependency */ = {
			isa = PBXTargetDependency;
			target = 82B6C7A325005AF700B19158 /* Lab1App */;
			targetProxy = 82B6C7BB25005AF800B19158 /* PBXContainerItemProxy */;
		};
		82B6C7C725005AF800B19158 /* PBXTargetDependency */ = {
			isa = PBXTargetDependency;
			target = 82B6C7A325005AF700B19158 /* Lab1App */;
			targetProxy = 82B6C7C625005AF800B19158 /* PBXContainerItemProxy */;
		};
/* End PBXTargetDependency section */

/* Begin PBXVariantGroup section */
		82B6C7B225005AF800B19158 /* LaunchScreen.storyboard */ = {
			isa = PBXVariantGroup;
			children = (
				82B6C7B325005AF800B19158 /* Base */,
			);
			name = LaunchScreen.storyboard;
			sourceTree = "<group>";
		};
/* End PBXVariantGroup section */

/* Begin XCBuildConfiguration section */
		82B6C7CC25005AF800B19158 /* Debug */ = {
			isa = XCBuildConfiguration;
			buildSettings = {
				ALWAYS_SEARCH_USER_PATHS = NO;
				CLANG_ANALYZER_NONNULL = YES;
				CLANG_ANALYZER_NUMBER_OBJECT_CONVERSION = YES_AGGRESSIVE;
				CLANG_CXX_LANGUAGE_STANDARD = "gnu++14";
				CLANG_CXX_LIBRARY = "libc++";
				CLANG_ENABLE_MODULES = YES;
				CLANG_ENABLE_OBJC_ARC = YES;
				CLANG_ENABLE_OBJC_WEAK = YES;
				CLANG_WARN_BLOCK_CAPTURE_AUTORELEASING = YES;
				CLANG_WARN_BOOL_CONVERSION = YES;
				CLANG_WARN_COMMA = YES;
				CLANG_WARN_CONSTANT_CONVERSION = YES;
				CLANG_WARN_DEPRECATED_OBJC_IMPLEMENTATIONS = YES;
				CLANG_WARN_DIRECT_OBJC_ISA_USAGE = YES_ERROR;
				CLANG_WARN_DOCUMENTATION_COMMENTS = YES;
				CLANG_WARN_EMPTY_BODY = YES;
				CLANG_WARN_ENUM_CONVERSION = YES;
				CLANG_WARN_INFINITE_RECURSION = YES;
				CLANG_WARN_INT_CONVERSION = YES;
				CLANG_WARN_NON_LITERAL_NULL_CONVERSION = YES;
				CLANG_WARN_OBJC_IMPLICIT_RETAIN_SELF = YES;
				CLANG_WARN_OBJC_LITERAL_CONVERSION = YES;
				CLANG_WARN_OBJC_ROOT_CLASS = YES_ERROR;
				CLANG_WARN_RANGE_LOOP_ANALYSIS = YES;
				CLANG_WARN_STRICT_PROTOTYPES = YES;
				CLANG_WARN_SUSPICIOUS_MOVE = YES;
				CLANG_WARN_UNGUARDED_AVAILABILITY = YES_AGGRESSIVE;
				CLANG_WARN_UNREACHABLE_CODE = YES;
				CLANG_WARN__DUPLICATE_METHOD_MATCH = YES;
				COPY_PHASE_STRIP = NO;
				DEBUG_INFORMATION_FORMAT = dwarf;
				ENABLE_STRICT_OBJC_MSGSEND = YES;
				ENABLE_TESTABILITY = YES;
				GCC_C_LANGUAGE_STANDARD = gnu11;
				GCC_DYNAMIC_NO_PIC = NO;
				GCC_NO_COMMON_BLOCKS = YES;
				GCC_OPTIMIZATION_LEVEL = 0;
				GCC_PREPROCESSOR_DEFINITIONS = (
					"DEBUG=1",
					"$(inherited)",
				);
				GCC_WARN_64_TO_32_BIT_CONVERSION = YES;
				GCC_WARN_ABOUT_RETURN_TYPE = YES_ERROR;
				GCC_WARN_UNDECLARED_SELECTOR = YES;
				GCC_WARN_UNINITIALIZED_AUTOS = YES_AGGRESSIVE;
				GCC_WARN_UNUSED_FUNCTION = YES;
				GCC_WARN_UNUSED_VARIABLE = YES;
				IPHONEOS_DEPLOYMENT_TARGET = 13.6;
				MTL_ENABLE_DEBUG_INFO = INCLUDE_SOURCE;
				MTL_FAST_MATH = YES;
				ONLY_ACTIVE_ARCH = YES;
				SDKROOT = iphoneos;
				SWIFT_ACTIVE_COMPILATION_CONDITIONS = DEBUG;
				SWIFT_OPTIMIZATION_LEVEL = "-Onone";
			};
			name = Debug;
		};
		82B6C7CD25005AF800B19158 /* Release */ = {
			isa = XCBuildConfiguration;
			buildSettings = {
				ALWAYS_SEARCH_USER_PATHS = NO;
				CLANG_ANALYZER_NONNULL = YES;
				CLANG_ANALYZER_NUMBER_OBJECT_CONVERSION = YES_AGGRESSIVE;
				CLANG_CXX_LANGUAGE_STANDARD = "gnu++14";
				CLANG_CXX_LIBRARY = "libc++";
				CLANG_ENABLE_MODULES = YES;
				CLANG_ENABLE_OBJC_ARC = YES;
				CLANG_ENABLE_OBJC_WEAK = YES;
				CLANG_WARN_BLOCK_CAPTURE_AUTORELEASING = YES;
				CLANG_WARN_BOOL_CONVERSION = YES;
				CLANG_WARN_COMMA = YES;
				CLANG_WARN_CONSTANT_CONVERSION = YES;
				CLANG_WARN_DEPRECATED_OBJC_IMPLEMENTATIONS = YES;
				CLANG_WARN_DIRECT_OBJC_ISA_USAGE = YES_ERROR;
				CLANG_WARN_DOCUMENTATION_COMMENTS = YES;
				CLANG_WARN_EMPTY_BODY = YES;
				CLANG_WARN_ENUM_CONVERSION = YES;
				CLANG_WARN_INFINITE_RECURSION = YES;
				CLANG_WARN_INT_CONVERSION = YES;
				CLANG_WARN_NON_LITERAL_NULL_CONVERSION = YES;
				CLANG_WARN_OBJC_IMPLICIT_RETAIN_SELF = YES;
				CLANG_WARN_OBJC_LITERAL_CONVERSION = YES;
				CLANG_WARN_OBJC_ROOT_CLASS = YES_ERROR;
				CLANG_WARN_RANGE_LOOP_ANALYSIS = YES;
				CLANG_WARN_STRICT_PROTOTYPES = YES;
				CLANG_WARN_SUSPICIOUS_MOVE = YES;
				CLANG_WARN_UNGUARDED_AVAILABILITY = YES_AGGRESSIVE;
				CLANG_WARN_UNREACHABLE_CODE = YES;
				CLANG_WARN__DUPLICATE_METHOD_MATCH = YES;
				COPY_PHASE_STRIP = NO;
				DEBUG_INFORMATION_FORMAT = "dwarf-with-dsym";
				ENABLE_NS_ASSERTIONS = NO;
				ENABLE_STRICT_OBJC_MSGSEND = YES;
				GCC_C_LANGUAGE_STANDARD = gnu11;
				GCC_NO_COMMON_BLOCKS = YES;
				GCC_WARN_64_TO_32_BIT_CONVERSION = YES;
				GCC_WARN_ABOUT_RETURN_TYPE = YES_ERROR;
				GCC_WARN_UNDECLARED_SELECTOR = YES;
				GCC_WARN_UNINITIALIZED_AUTOS = YES_AGGRESSIVE;
				GCC_WARN_UNUSED_FUNCTION = YES;
				GCC_WARN_UNUSED_VARIABLE = YES;
				IPHONEOS_DEPLOYMENT_TARGET = 13.6;
				MTL_ENABLE_DEBUG_INFO = NO;
				MTL_FAST_MATH = YES;
				SDKROOT = iphoneos;
				SWIFT_COMPILATION_MODE = wholemodule;
				SWIFT_OPTIMIZATION_LEVEL = "-O";
				VALIDATE_PRODUCT = YES;
			};
			name = Release;
		};
		82B6C7CF25005AF800B19158 /* Debug */ = {
			isa = XCBuildConfiguration;
			buildSettings = {
				ASSETCATALOG_COMPILER_APPICON_NAME = AppIcon;
				CODE_SIGN_STYLE = Automatic;
				DEVELOPMENT_ASSET_PATHS = "\"Lab1App/Preview Content\"";
				DEVELOPMENT_TEAM = 6W2U42UBPP;
				ENABLE_PREVIEWS = YES;
				INFOPLIST_FILE = Lab1App/Info.plist;
				LD_RUNPATH_SEARCH_PATHS = (
					"$(inherited)",
					"@executable_path/Frameworks",
				);
				PRODUCT_BUNDLE_IDENTIFIER = alvaroots97.Lab1App;
				PRODUCT_NAME = "$(TARGET_NAME)";
				SWIFT_VERSION = 5.0;
				TARGETED_DEVICE_FAMILY = "1,2";
			};
			name = Debug;
		};
		82B6C7D025005AF800B19158 /* Release */ = {
			isa = XCBuildConfiguration;
			buildSettings = {
				ASSETCATALOG_COMPILER_APPICON_NAME = AppIcon;
				CODE_SIGN_STYLE = Automatic;
				DEVELOPMENT_ASSET_PATHS = "\"Lab1App/Preview Content\"";
				DEVELOPMENT_TEAM = 6W2U42UBPP;
				ENABLE_PREVIEWS = YES;
				INFOPLIST_FILE = Lab1App/Info.plist;
				LD_RUNPATH_SEARCH_PATHS = (
					"$(inherited)",
					"@executable_path/Frameworks",
				);
				PRODUCT_BUNDLE_IDENTIFIER = alvaroots97.Lab1App;
				PRODUCT_NAME = "$(TARGET_NAME)";
				SWIFT_VERSION = 5.0;
				TARGETED_DEVICE_FAMILY = "1,2";
			};
			name = Release;
		};
		82B6C7D225005AF800B19158 /* Debug */ = {
			isa = XCBuildConfiguration;
			buildSettings = {
				ALWAYS_EMBED_SWIFT_STANDARD_LIBRARIES = YES;
				BUNDLE_LOADER = "$(TEST_HOST)";
				CODE_SIGN_STYLE = Automatic;
				DEVELOPMENT_TEAM = 6W2U42UBPP;
				INFOPLIST_FILE = Lab1AppTests/Info.plist;
				IPHONEOS_DEPLOYMENT_TARGET = 13.6;
				LD_RUNPATH_SEARCH_PATHS = (
					"$(inherited)",
					"@executable_path/Frameworks",
					"@loader_path/Frameworks",
				);
				PRODUCT_BUNDLE_IDENTIFIER = alvaroots97.Lab1AppTests;
				PRODUCT_NAME = "$(TARGET_NAME)";
				SWIFT_VERSION = 5.0;
				TARGETED_DEVICE_FAMILY = "1,2";
				TEST_HOST = "$(BUILT_PRODUCTS_DIR)/Lab1App.app/Lab1App";
			};
			name = Debug;
		};
		82B6C7D325005AF800B19158 /* Release */ = {
			isa = XCBuildConfiguration;
			buildSettings = {
				ALWAYS_EMBED_SWIFT_STANDARD_LIBRARIES = YES;
				BUNDLE_LOADER = "$(TEST_HOST)";
				CODE_SIGN_STYLE = Automatic;
				DEVELOPMENT_TEAM = 6W2U42UBPP;
				INFOPLIST_FILE = Lab1AppTests/Info.plist;
				IPHONEOS_DEPLOYMENT_TARGET = 13.6;
				LD_RUNPATH_SEARCH_PATHS = (
					"$(inherited)",
					"@executable_path/Frameworks",
					"@loader_path/Frameworks",
				);
				PRODUCT_BUNDLE_IDENTIFIER = alvaroots97.Lab1AppTests;
				PRODUCT_NAME = "$(TARGET_NAME)";
				SWIFT_VERSION = 5.0;
				TARGETED_DEVICE_FAMILY = "1,2";
				TEST_HOST = "$(BUILT_PRODUCTS_DIR)/Lab1App.app/Lab1App";
			};
			name = Release;
		};
		82B6C7D525005AF800B19158 /* Debug */ = {
			isa = XCBuildConfiguration;
			buildSettings = {
				ALWAYS_EMBED_SWIFT_STANDARD_LIBRARIES = YES;
				CODE_SIGN_STYLE = Automatic;
				DEVELOPMENT_TEAM = 6W2U42UBPP;
				INFOPLIST_FILE = Lab1AppUITests/Info.plist;
				LD_RUNPATH_SEARCH_PATHS = (
					"$(inherited)",
					"@executable_path/Frameworks",
					"@loader_path/Frameworks",
				);
				PRODUCT_BUNDLE_IDENTIFIER = alvaroots97.Lab1AppUITests;
				PRODUCT_NAME = "$(TARGET_NAME)";
				SWIFT_VERSION = 5.0;
				TARGETED_DEVICE_FAMILY = "1,2";
				TEST_TARGET_NAME = Lab1App;
			};
			name = Debug;
		};
		82B6C7D625005AF800B19158 /* Release */ = {
			isa = XCBuildConfiguration;
			buildSettings = {
				ALWAYS_EMBED_SWIFT_STANDARD_LIBRARIES = YES;
				CODE_SIGN_STYLE = Automatic;
				DEVELOPMENT_TEAM = 6W2U42UBPP;
				INFOPLIST_FILE = Lab1AppUITests/Info.plist;
				LD_RUNPATH_SEARCH_PATHS = (
					"$(inherited)",
					"@executable_path/Frameworks",
					"@loader_path/Frameworks",
				);
				PRODUCT_BUNDLE_IDENTIFIER = alvaroots97.Lab1AppUITests;
				PRODUCT_NAME = "$(TARGET_NAME)";
				SWIFT_VERSION = 5.0;
				TARGETED_DEVICE_FAMILY = "1,2";
				TEST_TARGET_NAME = Lab1App;
			};
			name = Release;
		};
/* End XCBuildConfiguration section */

/* Begin XCConfigurationList section */
		82B6C79F25005AF700B19158 /* Build configuration list for PBXProject "Lab1App" */ = {
			isa = XCConfigurationList;
			buildConfigurations = (
				82B6C7CC25005AF800B19158 /* Debug */,
				82B6C7CD25005AF800B19158 /* Release */,
			);
			defaultConfigurationIsVisible = 0;
			defaultConfigurationName = Release;
		};
		82B6C7CE25005AF800B19158 /* Build configuration list for PBXNativeTarget "Lab1App" */ = {
			isa = XCConfigurationList;
			buildConfigurations = (
				82B6C7CF25005AF800B19158 /* Debug */,
				82B6C7D025005AF800B19158 /* Release */,
			);
			defaultConfigurationIsVisible = 0;
			defaultConfigurationName = Release;
		};
		82B6C7D125005AF800B19158 /* Build configuration list for PBXNativeTarget "Lab1AppTests" */ = {
			isa = XCConfigurationList;
			buildConfigurations = (
				82B6C7D225005AF800B19158 /* Debug */,
				82B6C7D325005AF800B19158 /* Release */,
			);
			defaultConfigurationIsVisible = 0;
			defaultConfigurationName = Release;
		};
		82B6C7D425005AF800B19158 /* Build configuration list for PBXNativeTarget "Lab1AppUITests" */ = {
			isa = XCConfigurationList;
			buildConfigurations = (
				82B6C7D525005AF800B19158 /* Debug */,
				82B6C7D625005AF800B19158 /* Release */,
			);
			defaultConfigurationIsVisible = 0;
			defaultConfigurationName = Release;
		};
/* End XCConfigurationList section */
	};
	rootObject = 82B6C79C25005AF700B19158 /* Project object */;
}
